
Microsoft Visual Studio Solution File, Format Version 12.00
# Visual Studio Version 17
VisualStudioVersion = 17.14.36623.8
MinimumVisualStudioVersion = 10.0.40219.1
Project("{FAE04EC0-301F-11D3-BF4B-00C04F79EFBC}") = "HospitalManager_Duan", "HospitalManager_Duan\HospitalManager_Duan.csproj", "{2EA59392-0679-441C-98ED-FE242F92CB10}"
EndProject
Project("{FAE04EC0-301F-11D3-BF4B-00C04F79EFBC}") = "HospitalManager.BLL", "HospitalManager.BLL\HospitalManager.BLL.csproj", "{A91DF617-5E78-4501-A3E3-A75DFC66BBB3}"
EndProject
Project("{FAE04EC0-301F-11D3-BF4B-00C04F79EFBC}") = "HospitalManager.DAL", "HospitalManager.DAL\HospitalManager.DAL.csproj", "{546C1E76-39E8-4D3B-AA22-C6E1CFEE721D}"
EndProject
Global
	GlobalSection(SolutionConfigurationPlatforms) = preSolution
		Debug|Any CPU = Debug|Any CPU
		Release|Any CPU = Release|Any CPU
	EndGlobalSection
	GlobalSection(ProjectConfigurationPlatforms) = postSolution
		{2EA59392-0679-441C-98ED-FE242F92CB10}.Debug|Any CPU.ActiveCfg = Debug|Any CPU
		{2EA59392-0679-441C-98ED-FE242F92CB10}.Debug|Any CPU.Build.0 = Debug|Any CPU
		{2EA59392-0679-441C-98ED-FE242F92CB10}.Release|Any CPU.ActiveCfg = Release|Any CPU
		{2EA59392-0679-441C-98ED-FE242F92CB10}.Release|Any CPU.Build.0 = Release|Any CPU
		{A91DF617-5E78-4501-A3E3-A75DFC66BBB3}.Debug|Any CPU.ActiveCfg = Debug|Any CPU
		{A91DF617-5E78-4501-A3E3-A75DFC66BBB3}.Debug|Any CPU.Build.0 = Debug|Any CPU
		{A91DF617-5E78-4501-A3E3-A75DFC66BBB3}.Release|Any CPU.ActiveCfg = Release|Any CPU
		{A91DF617-5E78-4501-A3E3-A75DFC66BBB3}.Release|Any CPU.Build.0 = Release|Any CPU
		{546C1E76-39E8-4D3B-AA22-C6E1CFEE721D}.Debug|Any CPU.ActiveCfg = Debug|Any CPU
		{546C1E76-39E8-4D3B-AA22-C6E1CFEE721D}.Debug|Any CPU.Build.0 = Debug|Any CPU
		{546C1E76-39E8-4D3B-AA22-C6E1CFEE721D}.Release|Any CPU.ActiveCfg = Release|Any CPU
		{546C1E76-39E8-4D3B-AA22-C6E1CFEE721D}.Release|Any CPU.Build.0 = Release|Any CPU
	EndGlobalSection
	GlobalSection(SolutionProperties) = preSolution
		HideSolutionNode = FALSE
	EndGlobalSection
	GlobalSection(ExtensibilityGlobals) = postSolution
		SolutionGuid = {A5E4E80D-C6DC-4E48-8880-9474A86CF4B3}
	EndGlobalSection
EndGlobal
